
Microsoft Visual Studio Solution File, Format Version 12.00
# Visual Studio 15
VisualStudioVersion = 15.0.28307.421
MinimumVisualStudioVersion = 10.0.40219.1
Project("{FAE04EC0-301F-11D3-BF4B-00C04F79EFBC}") = "WindowsFormsApp2", "WindowsFormsApp2\WindowsFormsApp2.csproj", "{36967EA0-9BAD-4F37-A942-03309C05D05B}"
EndProject
Global
	GlobalSection(SolutionConfigurationPlatforms) = preSolution
		Debug|Any CPU = Debug|Any CPU
		Release|Any CPU = Release|Any CPU
	EndGlobalSection
	GlobalSection(ProjectConfigurationPlatforms) = postSolution
		{36967EA0-9BAD-4F37-A942-03309C05D05B}.Debug|Any CPU.ActiveCfg = Debug|Any CPU
		{36967EA0-9BAD-4F37-A942-03309C05D05B}.Debug|Any CPU.Build.0 = Debug|Any CPU
		{36967EA0-9BAD-4F37-A942-03309C05D05B}.Release|Any CPU.ActiveCfg = Release|Any CPU
		{36967EA0-9BAD-4F37-A942-03309C05D05B}.Release|Any CPU.Build.0 = Release|Any CPU
	EndGlobalSection
	GlobalSection(SolutionProperties) = preSolution
		HideSolutionNode = FALSE
	EndGlobalSection
	GlobalSection(ExtensibilityGlobals) = postSolution
		SolutionGuid = {82E07920-C492-4C5C-826A-02842D097B9C}
	EndGlobalSection
EndGlobal
